schema_version = 1
box_name = "site"
account_name = "_runbox_fbae041b"
runbox_version = "0.1.0"
created_at = "1788825170"
locked_at = "1788826710"
lifecycle = "Persistent"
interactive = true
config_hash = "9b63653c49ba0a8bc6c31ef5c3c1f3d3c801f31b540cdd15444b0a67fc157597"
setup_assets_hash = "e3b0c44298fc1c149afbf4c8996fb92427ae41e4649b934ca495991b7852b855"
