schema_version = 1
box_name = "site"
account_name = "_runbox_fbae041b"
runbox_version = "0.1.0"
created_at = "1788825170"
locked_at = "1789254473"
lifecycle = "Persistent"
interactive = true
config_hash = "f405df1423f5f48608cb9667f6859cbbc29594c6382b8dec41ddc2e16f570453"
setup_assets_hash = "3cac54d680fe88dc89321685d5246bf367232da33d6ba192f72c162f76b9b58e"
